// !$*UTF8*$!
{
	archiveVersion = 1;
	classes = {
	};
	objectVersion = 46;
	objects = {

/* Begin PBXBuildFile section */
		646272CB1BBA7BB90014B43A /* main.m in Sources */ = {isa = PBXBuildFile; fileRef = 646272CA1BBA7BB90014B43A /* main.m */; };
		646272CE1BBA7BB90014B43A /* AppDelegate.m in Sources */ = {isa = PBXBuildFile; fileRef = 646272CD1BBA7BB90014B43A /* AppDelegate.m */; };
		646272D11BBA7BB90014B43A /* ViewController.m in Sources */ = {isa = PBXBuildFile; fileRef = 646272D01BBA7BB90014B43A /* ViewController.m */; };
		646272D41BBA7BB90014B43A /* Main.storyboard in Resources */ = {isa = PBXBuildFile; fileRef = 646272D21BBA7BB90014B43A /* Main.storyboard */; };
		646272D61BBA7BB90014B43A /* Images.xcassets in Resources */ = {isa = PBXBuildFile; fileRef = 646272D51BBA7BB90014B43A /* Images.xcassets */; };
		646272D91BBA7BB90014B43A /* LaunchScreen.xib in Resources */ = {isa = PBXBuildFile; fileRef = 646272D71BBA7BB90014B43A /* LaunchScreen.xib */; };
		646272E51BBA7BB90014B43A /* ZJXScrollDemoTests.m in Sources */ = {isa = PBXBuildFile; fileRef = 646272E41BBA7BB90014B43A /* ZJXScrollDemoTests.m */; };
		646272FA1BBA81580014B43A /* ZJXCollectionRollView.m in Sources */ = {isa = PBXBuildFile; fileRef = 646272F91BBA81580014B43A /* ZJXCollectionRollView.m */; };
		6463ADFA1BBA9CE70089150E /* Contents.json in Resources */ = {isa = PBXBuildFile; fileRef = 6463ADEC1BBA9CE70089150E /* Contents.json */; };
		6463ADFB1BBA9CE70089150E /* img_01.png in Resources */ = {isa = PBXBuildFile; fileRef = 6463ADED1BBA9CE70089150E /* img_01.png */; };
		6463ADFC1BBA9CE70089150E /* Contents.json in Resources */ = {isa = PBXBuildFile; fileRef = 6463ADEF1BBA9CE70089150E /* Contents.json */; };
		6463ADFD1BBA9CE70089150E /* img_02.png in Resources */ = {isa = PBXBuildFile; fileRef = 6463ADF01BBA9CE70089150E /* img_02.png */; };
		6463ADFE1BBA9CE70089150E /* Contents.json in Resources */ = {isa = PBXBuildFile; fileRef = 6463ADF21BBA9CE70089150E /* Contents.json */; };
		6463ADFF1BBA9CE70089150E /* img_03.png in Resources */ = {isa = PBXBuildFile; fileRef = 6463ADF31BBA9CE70089150E /* img_03.png */; };
		6463AE001BBA9CE70089150E /* Contents.json in Resources */ = {isa = PBXBuildFile; fileRef = 6463ADF51BBA9CE70089150E /* Contents.json */; };
		6463AE011BBA9CE70089150E /* img_04.png in Resources */ = {isa = PBXBuildFile; fileRef = 6463ADF61BBA9CE70089150E /* img_04.png */; };
		6463AE021BBA9CE70089150E /* Contents.json in Resources */ = {isa = PBXBuildFile; fileRef = 6463ADF81BBA9CE70089150E /* Contents.json */; };
		6463AE031BBA9CE70089150E /* img_05.png in Resources */ = {isa = PBXBuildFile; fileRef = 6463ADF91BBA9CE70089150E /* img_05.png */; };
/* End PBXBuildFile section */

/* Begin PBXContainerItemProxy section */
		646272DF1BBA7BB90014B43A /* PBXContainerItemProxy */ = {
			isa = PBXContainerItemProxy;
			containerPortal = 646272BD1BBA7BB90014B43A /* Project object */;
			proxyType = 1;
			remoteGlobalIDString = 646272C41BBA7BB90014B43A;
			remoteInfo = ZJXScrollDemo;
		};
/* End PBXContainerItemProxy section */

/* Begin PBXFileReference section */
		646272C51BBA7BB90014B43A /* ZJXScrollDemo.app */ = {isa = PBXFileReference; explicitFileType = wrapper.application; includeInIndex = 0; path = ZJXScrollDemo.app; sourceTree = BUILT_PRODUCTS_DIR; };
		646272C91BBA7BB90014B43A /* Info.plist */ = {isa = PBXFileReference; lastKnownFileType = text.plist.xml; path = Info.plist; sourceTree = "<group>"; };
		646272CA1BBA7BB90014B43A /* main.m */ = {isa = PBXFileReference; lastKnownFileType = sourcecode.c.objc; path = main.m; sourceTree = "<group>"; };
		646272CC1BBA7BB90014B43A /* AppDelegate.h */ = {isa = PBXFileReference; lastKnownFileType = sourcecode.c.h; path = AppDelegate.h; sourceTree = "<group>"; };
		646272CD1BBA7BB90014B43A /* AppDelegate.m */ = {isa = PBXFileReference; lastKnownFileType = sourcecode.c.objc; path = AppDelegate.m; sourceTree = "<group>"; };
		646272CF1BBA7BB90014B43A /* ViewController.h */ = {isa = PBXFileReference; lastKnownFileType = sourcecode.c.h; path = ViewController.h; sourceTree = "<group>"; };
		646272D01BBA7BB90014B43A /* ViewController.m */ = {isa = PBXFileReference; lastKnownFileType = sourcecode.c.objc; path = ViewController.m; sourceTree = "<group>"; };
		646272D31BBA7BB90014B43A /* Base */ = {isa = PBXFileReference; lastKnownFileType = file.storyboard; name = Base; path = Base.lproj/Main.storyboard; sourceTree = "<group>"; };
		646272D51BBA7BB90014B43A /* Images.xcassets */ = {isa = PBXFileReference; lastKnownFileType = folder.assetcatalog; path = Images.xcassets; sourceTree = "<group>"; };
		646272D81BBA7BB90014B43A /* Base */ = {isa = PBXFileReference; lastKnownFileType = file.xib; name = Base; path = Base.lproj/LaunchScreen.xib; sourceTree = "<group>"; };
		646272DE1BBA7BB90014B43A /* ZJXScrollDemoTests.xctest */ = {isa = PBXFileReference; explicitFileType = wrapper.cfbundle; includeInIndex = 0; path = ZJXScrollDemoTests.xctest; sourceTree = BUILT_PRODUCTS_DIR; };
		646272E31BBA7BB90014B43A /* Info.plist */ = {isa = PBXFileReference; lastKnownFileType = text.plist.xml; path = Info.plist; sourceTree = "<group>"; };
		646272E41BBA7BB90014B43A /* ZJXScrollDemoTests.m */ = {isa = PBXFileReference; lastKnownFileType = sourcecode.c.objc; path = ZJXScrollDemoTests.m; sourceTree = "<group>"; };
		646272F81BBA81580014B43A /* ZJXCollectionRollView.h */ = {isa = PBXFileReference; fileEncoding = 4; lastKnownFileType = sourcecode.c.h; path = ZJXCollectionRollView.h; sourceTree = "<group>"; };
		646272F91BBA81580014B43A /* ZJXCollectionRollView.m */ = {isa = PBXFileReference; fileEncoding = 4; lastKnownFileType = sourcecode.c.objc; path = ZJXCollectionRollView.m; sourceTree = "<group>"; };
		6463ADEC1BBA9CE70089150E /* Contents.json */ = {isa = PBXFileReference; fileEncoding = 4; lastKnownFileType = text.json; path = Contents.json; sourceTree = "<group>"; };
		6463ADED1BBA9CE70089150E /* img_01.png */ = {isa = PBXFileReference; lastKnownFileType = image.png; path = img_01.png; sourceTree = "<group>"; };
		6463ADEF1BBA9CE70089150E /* Contents.json */ = {isa = PBXFileReference; fileEncoding = 4; lastKnownFileType = text.json; path = Contents.json; sourceTree = "<group>"; };
		6463ADF01BBA9CE70089150E /* img_02.png */ = {isa = PBXFileReference; lastKnownFileType = image.png; path = img_02.png; sourceTree = "<group>"; };
		6463ADF21BBA9CE70089150E /* Contents.json */ = {isa = PBXFileReference; fileEncoding = 4; lastKnownFileType = text.json; path = Contents.json; sourceTree = "<group>"; };
		6463ADF31BBA9CE70089150E /* img_03.png */ = {isa = PBXFileReference; lastKnownFileType = image.png; path = img_03.png; sourceTree = "<group>"; };
		6463ADF51BBA9CE70089150E /* Contents.json */ = {isa = PBXFileReference; fileEncoding = 4; lastKnownFileType = text.json; path = Contents.json; sourceTree = "<group>"; };
		6463ADF61BBA9CE70089150E /* img_04.png */ = {isa = PBXFileReference; lastKnownFileType = image.png; path = img_04.png; sourceTree = "<group>"; };
		6463ADF81BBA9CE70089150E /* Contents.json */ = {isa = PBXFileReference; fileEncoding = 4; lastKnownFileType = text.json; path = Contents.json; sourceTree = "<group>"; };
		6463ADF91BBA9CE70089150E /* img_05.png */ = {isa = PBXFileReference; lastKnownFileType = image.png; path = img_05.png; sourceTree = "<group>"; };
/* End PBXFileReference section */

/* Begin PBXFrameworksBuildPhase section */
		646272C21BBA7BB90014B43A /* Frameworks */ = {
			isa = PBXFrameworksBuildPhase;
			buildActionMask = 2147483647;
			files = (
			);
			runOnlyForDeploymentPostprocessing = 0;
		};
		646272DB1BBA7BB90014B43A /* Frameworks */ = {
			isa = PBXFrameworksBuildPhase;
			buildActionMask = 2147483647;
			files = (
			);
			runOnlyForDeploymentPostprocessing = 0;
		};
/* End PBXFrameworksBuildPhase section */

/* Begin PBXGroup section */
		646272BC1BBA7BB90014B43A = {
			isa = PBXGroup;
			children = (
				6463ADEA1BBA9CE70089150E /* Img */,
				646272EE1BBA7BD50014B43A /* ZJXScroll */,
				646272C71BBA7BB90014B43A /* ZJXScrollDemo */,
				646272E11BBA7BB90014B43A /* ZJXScrollDemoTests */,
				646272C61BBA7BB90014B43A /* Products */,
			);
			sourceTree = "<group>";
		};
		646272C61BBA7BB90014B43A /* Products */ = {
			isa = PBXGroup;
			children = (
				646272C51BBA7BB90014B43A /* ZJXScrollDemo.app */,
				646272DE1BBA7BB90014B43A /* ZJXScrollDemoTests.xctest */,
			);
			name = Products;
			sourceTree = "<group>";
		};
		646272C71BBA7BB90014B43A /* ZJXScrollDemo */ = {
			isa = PBXGroup;
			children = (
				646272CC1BBA7BB90014B43A /* AppDelegate.h */,
				646272CD1BBA7BB90014B43A /* AppDelegate.m */,
				646272CF1BBA7BB90014B43A /* ViewController.h */,
				646272D01BBA7BB90014B43A /* ViewController.m */,
				646272D21BBA7BB90014B43A /* Main.storyboard */,
				646272D51BBA7BB90014B43A /* Images.xcassets */,
				646272D71BBA7BB90014B43A /* LaunchScreen.xib */,
				646272C81BBA7BB90014B43A /* Supporting Files */,
			);
			path = ZJXScrollDemo;
			sourceTree = "<group>";
		};
		646272C81BBA7BB90014B43A /* Supporting Files */ = {
			isa = PBXGroup;
			children = (
				646272C91BBA7BB90014B43A /* Info.plist */,
				646272CA1BBA7BB90014B43A /* main.m */,
			);
			name = "Supporting Files";
			sourceTree = "<group>";
		};
		646272E11BBA7BB90014B43A /* ZJXScrollDemoTests */ = {
			isa = PBXGroup;
			children = (
				646272E41BBA7BB90014B43A /* ZJXScrollDemoTests.m */,
				646272E21BBA7BB90014B43A /* Supporting Files */,
			);
			path = ZJXScrollDemoTests;
			sourceTree = "<group>";
		};
		646272E21BBA7BB90014B43A /* Supporting Files */ = {
			isa = PBXGroup;
			children = (
				646272E31BBA7BB90014B43A /* Info.plist */,
			);
			name = "Supporting Files";
			sourceTree = "<group>";
		};
		646272EE1BBA7BD50014B43A /* ZJXScroll */ = {
			isa = PBXGroup;
			children = (
				646272F81BBA81580014B43A /* ZJXCollectionRollView.h */,
				646272F91BBA81580014B43A /* ZJXCollectionRollView.m */,
			);
			name = ZJXScroll;
			path = ZJXScrollDemo/ZJXScroll;
			sourceTree = "<group>";
		};
		6463ADEA1BBA9CE70089150E /* Img */ = {
			isa = PBXGroup;
			children = (
				6463ADEB1BBA9CE70089150E /* img_01.imageset */,
				6463ADEE1BBA9CE70089150E /* img_02.imageset */,
				6463ADF11BBA9CE70089150E /* img_03.imageset */,
				6463ADF41BBA9CE70089150E /* img_04.imageset */,
				6463ADF71BBA9CE70089150E /* img_05.imageset */,
			);
			name = Img;
			path = ZJXScrollDemo/ZJXScroll/Img;
			sourceTree = "<group>";
		};
		6463ADEB1BBA9CE70089150E /* img_01.imageset */ = {
			isa = PBXGroup;
			children = (
				6463ADEC1BBA9CE70089150E /* Contents.json */,
				6463ADED1BBA9CE70089150E /* img_01.png */,
			);
			path = img_01.imageset;
			sourceTree = "<group>";
		};
		6463ADEE1BBA9CE70089150E /* img_02.imageset */ = {
			isa = PBXGroup;
			children = (
				6463ADEF1BBA9CE70089150E /* Contents.json */,
				6463ADF01BBA9CE70089150E /* img_02.png */,
			);
			path = img_02.imageset;
			sourceTree = "<group>";
		};
		6463ADF11BBA9CE70089150E /* img_03.imageset */ = {
			isa = PBXGroup;
			children = (
				6463ADF21BBA9CE70089150E /* Contents.json */,
				6463ADF31BBA9CE70089150E /* img_03.png */,
			);
			path = img_03.imageset;
			sourceTree = "<group>";
		};
		6463ADF41BBA9CE70089150E /* img_04.imageset */ = {
			isa = PBXGroup;
			children = (
				6463ADF51BBA9CE70089150E /* Contents.json */,
				6463ADF61BBA9CE70089150E /* img_04.png */,
			);
			path = img_04.imageset;
			sourceTree = "<group>";
		};
		6463ADF71BBA9CE70089150E /* img_05.imageset */ = {
			isa = PBXGroup;
			children = (
				6463ADF81BBA9CE70089150E /* Contents.json */,
				6463ADF91BBA9CE70089150E /* img_05.png */,
			);
			path = img_05.imageset;
			sourceTree = "<group>";
		};
/* End PBXGroup section */

/* Begin PBXNativeTarget section */
		646272C41BBA7BB90014B43A /* ZJXScrollDemo */ = {
			isa = PBXNativeTarget;
			buildConfigurationList = 646272E81BBA7BB90014B43A /* Build configuration list for PBXNativeTarget "ZJXScrollDemo" */;
			buildPhases = (
				646272C11BBA7BB90014B43A /* Sources */,
				646272C21BBA7BB90014B43A /* Frameworks */,
				646272C31BBA7BB90014B43A /* Resources */,
			);
			buildRules = (
			);
			dependencies = (
			);
			name = ZJXScrollDemo;
			productName = ZJXScrollDemo;
			productReference = 646272C51BBA7BB90014B43A /* ZJXScrollDemo.app */;
			productType = "com.apple.product-type.application";
		};
		646272DD1BBA7BB90014B43A /* ZJXScrollDemoTests */ = {
			isa = PBXNativeTarget;
			buildConfigurationList = 646272EB1BBA7BB90014B43A /* Build configuration list for PBXNativeTarget "ZJXScrollDemoTests" */;
			buildPhases = (
				646272DA1BBA7BB90014B43A /* Sources */,
				646272DB1BBA7BB90014B43A /* Frameworks */,
				646272DC1BBA7BB90014B43A /* Resources */,
			);
			buildRules = (
			);
			dependencies = (
				646272E01BBA7BB90014B43A /* PBXTargetDependency */,
			);
			name = ZJXScrollDemoTests;
			productName = ZJXScrollDemoTests;
			productReference = 646272DE1BBA7BB90014B43A /* ZJXScrollDemoTests.xctest */;
			productType = "com.apple.product-type.bundle.unit-test";
		};
/* End PBXNativeTarget section */

/* Begin PBXProject section */
		646272BD1BBA7BB90014B43A /* Project object */ = {
			isa = PBXProject;
			attributes = {
				LastUpgradeCheck = 0640;
				ORGANIZATIONNAME = "曾健新";
				TargetAttributes = {
					646272C41BBA7BB90014B43A = {
						CreatedOnToolsVersion = 6.4;
					};
					646272DD1BBA7BB90014B43A = {
						CreatedOnToolsVersion = 6.4;
						TestTargetID = 646272C41BBA7BB90014B43A;
					};
				};
			};
			buildConfigurationList = 646272C01BBA7BB90014B43A /* Build configuration list for PBXProject "ZJXScrollDemo" */;
			compatibilityVersion = "Xcode 3.2";
			developmentRegion = English;
			hasScannedForEncodings = 0;
			knownRegions = (
				en,
				Base,
			);
			mainGroup = 646272BC1BBA7BB90014B43A;
			productRefGroup = 646272C61BBA7BB90014B43A /* Products */;
			projectDirPath = "";
			projectRoot = "";
			targets = (
				646272C41BBA7BB90014B43A /* ZJXScrollDemo */,
				646272DD1BBA7BB90014B43A /* ZJXScrollDemoTests */,
			);
		};
/* End PBXProject section */

/* Begin PBXResourcesBuildPhase section */
		646272C31BBA7BB90014B43A /* Resources */ = {
			isa = PBXResourcesBuildPhase;
			buildActionMask = 2147483647;
			files = (
				646272D41BBA7BB90014B43A /* Main.storyboard in Resources */,
				6463ADFB1BBA9CE70089150E /* img_01.png in Resources */,
				6463ADFF1BBA9CE70089150E /* img_03.png in Resources */,
				6463ADFD1BBA9CE70089150E /* img_02.png in Resources */,
				6463ADFE1BBA9CE70089150E /* Contents.json in Resources */,
				6463AE001BBA9CE70089150E /* Contents.json in Resources */,
				6463AE031BBA9CE70089150E /* img_05.png in Resources */,
				646272D91BBA7BB90014B43A /* LaunchScreen.xib in Resources */,
				646272D61BBA7BB90014B43A /* Images.xcassets in Resources */,
				6463ADFA1BBA9CE70089150E /* Contents.json in Resources */,
				6463ADFC1BBA9CE70089150E /* Contents.json in Resources */,
				6463AE011BBA9CE70089150E /* img_04.png in Resources */,
				6463AE021BBA9CE70089150E /* Contents.json in Resources */,
			);
			runOnlyForDeploymentPostprocessing = 0;
		};
		646272DC1BBA7BB90014B43A /* Resources */ = {
			isa = PBXResourcesBuildPhase;
			buildActionMask = 2147483647;
			files = (
			);
			runOnlyForDeploymentPostprocessing = 0;
		};
/* End PBXResourcesBuildPhase section */

/* Begin PBXSourcesBuildPhase section */
		646272C11BBA7BB90014B43A /* Sources */ = {
			isa = PBXSourcesBuildPhase;
			buildActionMask = 2147483647;
			files = (
				646272FA1BBA81580014B43A /* ZJXCollectionRollView.m in Sources */,
				646272D11BBA7BB90014B43A /* ViewController.m in Sources */,
				646272CE1BBA7BB90014B43A /* AppDelegate.m in Sources */,
				646272CB1BBA7BB90014B43A /* main.m in Sources */,
			);
			runOnlyForDeploymentPostprocessing = 0;
		};
		646272DA1BBA7BB90014B43A /* Sources */ = {
			isa = PBXSourcesBuildPhase;
			buildActionMask = 2147483647;
			files = (
				646272E51BBA7BB90014B43A /* ZJXScrollDemoTests.m in Sources */,
			);
			runOnlyForDeploymentPostprocessing = 0;
		};
/* End PBXSourcesBuildPhase section */

/* Begin PBXTargetDependency section */
		646272E01BBA7BB90014B43A /* PBXTargetDependency */ = {
			isa = PBXTargetDependency;
			target = 646272C41BBA7BB90014B43A /* ZJXScrollDemo */;
			targetProxy = 646272DF1BBA7BB90014B43A /* PBXContainerItemProxy */;
		};
/* End PBXTargetDependency section */

/* Begin PBXVariantGroup section */
		646272D21BBA7BB90014B43A /* Main.storyboard */ = {
			isa = PBXVariantGroup;
			children = (
				646272D31BBA7BB90014B43A /* Base */,
			);
			name = Main.storyboard;
			sourceTree = "<group>";
		};
		646272D71BBA7BB90014B43A /* LaunchScreen.xib */ = {
			isa = PBXVariantGroup;
			children = (
				646272D81BBA7BB90014B43A /* Base */,
			);
			name = LaunchScreen.xib;
			sourceTree = "<group>";
		};
/* End PBXVariantGroup section */

/* Begin XCBuildConfiguration section */
		646272E61BBA7BB90014B43A /* Debug */ = {
			isa = XCBuildConfiguration;
			buildSettings = {
				ALWAYS_SEARCH_USER_PATHS = NO;
				CLANG_CXX_LANGUAGE_STANDARD = "gnu++0x";
				CLANG_CXX_LIBRARY = "libc++";
				CLANG_ENABLE_MODULES = YES;
				CLANG_ENABLE_OBJC_ARC = YES;
				CLANG_WARN_BOOL_CONVERSION = YES;
				CLANG_WARN_CONSTANT_CONVERSION = YES;
				CLANG_WARN_DIRECT_OBJC_ISA_USAGE = YES_ERROR;
				CLANG_WARN_EMPTY_BODY = YES;
				CLANG_WARN_ENUM_CONVERSION = YES;
				CLANG_WARN_INT_CONVERSION = YES;
				CLANG_WARN_OBJC_ROOT_CLASS = YES_ERROR;
				CLANG_WARN_UNREACHABLE_CODE = YES;
				CLANG_WARN__DUPLICATE_METHOD_MATCH = YES;
				"CODE_SIGN_IDENTITY[sdk=iphoneos*]" = "iPhone Developer";
				COPY_PHASE_STRIP = NO;
				DEBUG_INFORMATION_FORMAT = "dwarf-with-dsym";
				ENABLE_STRICT_OBJC_MSGSEND = YES;
				GCC_C_LANGUAGE_STANDARD = gnu99;
				GCC_DYNAMIC_NO_PIC = NO;
				GCC_NO_COMMON_BLOCKS = YES;
				GCC_OPTIMIZATION_LEVEL = 0;
				GCC_PREPROCESSOR_DEFINITIONS = (
					"DEBUG=1",
					"$(inherited)",
				);
				GCC_SYMBOLS_PRIVATE_EXTERN = NO;
				GCC_WARN_64_TO_32_BIT_CONVERSION = YES;
				GCC_WARN_ABOUT_RETURN_TYPE = YES_ERROR;
				GCC_WARN_UNDECLARED_SELECTOR = YES;
				GCC_WARN_UNINITIALIZED_AUTOS = YES_AGGRESSIVE;
				GCC_WARN_UNUSED_FUNCTION = YES;
				GCC_WARN_UNUSED_VARIABLE = YES;
				IPHONEOS_DEPLOYMENT_TARGET = 8.4;
				MTL_ENABLE_DEBUG_INFO = YES;
				ONLY_ACTIVE_ARCH = YES;
				SDKROOT = iphoneos;
				TARGETED_DEVICE_FAMILY = "1,2";
			};
			name = Debug;
		};
		646272E71BBA7BB90014B43A /* Release */ = {
			isa = XCBuildConfiguration;
			buildSettings = {
				ALWAYS_SEARCH_USER_PATHS = NO;
				CLANG_CXX_LANGUAGE_STANDARD = "gnu++0x";
				CLANG_CXX_LIBRARY = "libc++";
				CLANG_ENABLE_MODULES = YES;
				CLANG_ENABLE_OBJC_ARC = YES;
				CLANG_WARN_BOOL_CONVERSION = YES;
				CLANG_WARN_CONSTANT_CONVERSION = YES;
				CLANG_WARN_DIRECT_OBJC_ISA_USAGE = YES_ERROR;
				CLANG_WARN_EMPTY_BODY = YES;
				CLANG_WARN_ENUM_CONVERSION = YES;
				CLANG_WARN_INT_CONVERSION = YES;
				CLANG_WARN_OBJC_ROOT_CLASS = YES_ERROR;
				CLANG_WARN_UNREACHABLE_CODE = YES;
				CLANG_WARN__DUPLICATE_METHOD_MATCH = YES;
				"CODE_SIGN_IDENTITY[sdk=iphoneos*]" = "iPhone Developer";
				COPY_PHASE_STRIP = NO;
				DEBUG_INFORMATION_FORMAT = "dwarf-with-dsym";
				ENABLE_NS_ASSERTIONS = NO;
				ENABLE_STRICT_OBJC_MSGSEND = YES;
				GCC_C_LANGUAGE_STANDARD = gnu99;
				GCC_NO_COMMON_BLOCKS = YES;
				GCC_WARN_64_TO_32_BIT_CONVERSION = YES;
				GCC_WARN_ABOUT_RETURN_TYPE = YES_ERROR;
				GCC_WARN_UNDECLARED_SELECTOR = YES;
				GCC_WARN_UNINITIALIZED_AUTOS = YES_AGGRESSIVE;
				GCC_WARN_UNUSED_FUNCTION = YES;
				GCC_WARN_UNUSED_VARIABLE = YES;
				IPHONEOS_DEPLOYMENT_TARGET = 8.4;
				MTL_ENABLE_DEBUG_INFO = NO;
				SDKROOT = iphoneos;
				TARGETED_DEVICE_FAMILY = "1,2";
				VALIDATE_PRODUCT = YES;
			};
			name = Release;
		};
		646272E91BBA7BB90014B43A /* Debug */ = {
			isa = XCBuildConfiguration;
			buildSettings = {
				ASSETCATALOG_COMPILER_APPICON_NAME = AppIcon;
				INFOPLIST_FILE = ZJXScrollDemo/Info.plist;
				LD_RUNPATH_SEARCH_PATHS = "$(inherited) @executable_path/Frameworks";
				PRODUCT_NAME = "$(TARGET_NAME)";
			};
			name = Debug;
		};
		646272EA1BBA7BB90014B43A /* Release */ = {
			isa = XCBuildConfiguration;
			buildSettings = {
				ASSETCATALOG_COMPILER_APPICON_NAME = AppIcon;
				INFOPLIST_FILE = ZJXScrollDemo/Info.plist;
				LD_RUNPATH_SEARCH_PATHS = "$(inherited) @executable_path/Frameworks";
				PRODUCT_NAME = "$(TARGET_NAME)";
			};
			name = Release;
		};
		646272EC1BBA7BB90014B43A /* Debug */ = {
			isa = XCBuildConfiguration;
			buildSettings = {
				BUNDLE_LOADER = "$(TEST_HOST)";
				FRAMEWORK_SEARCH_PATHS = (
					"$(SDKROOT)/Developer/Library/Frameworks",
					"$(inherited)",
				);
				GCC_PREPROCESSOR_DEFINITIONS = (
					"DEBUG=1",
					"$(inherited)",
				);
				INFOPLIST_FILE = ZJXScrollDemoTests/Info.plist;
				LD_RUNPATH_SEARCH_PATHS = "$(inherited) @executable_path/Frameworks @loader_path/Frameworks";
				PRODUCT_NAME = "$(TARGET_NAME)";
				TEST_HOST = "$(BUILT_PRODUCTS_DIR)/ZJXScrollDemo.app/ZJXScrollDemo";
			};
			name = Debug;
		};
		646272ED1BBA7BB90014B43A /* Release */ = {
			isa = XCBuildConfiguration;
			buildSettings = {
				BUNDLE_LOADER = "$(TEST_HOST)";
				FRAMEWORK_SEARCH_PATHS = (
					"$(SDKROOT)/Developer/Library/Frameworks",
					"$(inherited)",
				);
				INFOPLIST_FILE = ZJXScrollDemoTests/Info.plist;
				LD_RUNPATH_SEARCH_PATHS = "$(inherited) @executable_path/Frameworks @loader_path/Frameworks";
				PRODUCT_NAME = "$(TARGET_NAME)";
				TEST_HOST = "$(BUILT_PRODUCTS_DIR)/ZJXScrollDemo.app/ZJXScrollDemo";
			};
			name = Release;
		};
/* End XCBuildConfiguration section */

/* Begin XCConfigurationList section */
		646272C01BBA7BB90014B43A /* Build configuration list for PBXProject "ZJXScrollDemo" */ = {
			isa = XCConfigurationList;
			buildConfigurations = (
				646272E61BBA7BB90014B43A /* Debug */,
				646272E71BBA7BB90014B43A /* Release */,
			);
			defaultConfigurationIsVisible = 0;
			defaultConfigurationName = Release;
		};
		646272E81BBA7BB90014B43A /* Build configuration list for PBXNativeTarget "ZJXScrollDemo" */ = {
			isa = XCConfigurationList;
			buildConfigurations = (
				646272E91BBA7BB90014B43A /* Debug */,
				646272EA1BBA7BB90014B43A /* Release */,
			);
			defaultConfigurationIsVisible = 0;
			defaultConfigurationName = Release;
		};
		646272EB1BBA7BB90014B43A /* Build configuration list for PBXNativeTarget "ZJXScrollDemoTests" */ = {
			isa = XCConfigurationList;
			buildConfigurations = (
				646272EC1BBA7BB90014B43A /* Debug */,
				646272ED1BBA7BB90014B43A /* Release */,
			);
			defaultConfigurationIsVisible = 0;
			defaultConfigurationName = Release;
		};
/* End XCConfigurationList section */
	};
	rootObject = 646272BD1BBA7BB90014B43A /* Project object */;
}
